
Microsoft Visual Studio Solution File, Format Version 12.00
# Visual Studio Version 18
VisualStudioVersion = 18.0.11222.15
MinimumVisualStudioVersion = 10.0.40219.1
Project("{2150E333-8FDC-42A3-9474-1A3956D46DE8}") = "Languages", "Languages", "{6383C42F-A04C-4248-8926-B7636187D968}"
EndProject
Project("{2150E333-8FDC-42A3-9474-1A3956D46DE8}") = "Python", "Python", "{2CE3FB08-4B1E-4741-8004-BC87FDCDE2B5}"
EndProject
Project("{2150E333-8FDC-42A3-9474-1A3956D46DE8}") = "Fundamentals", "Fundamentals", "{9F8A2BE5-E0E4-4696-BF73-F8F6B7BF1BF2}"
EndProject
Project("{888888A0-9F3D-457C-B088-3A5042F75D52}") = "variables", "variables\variables.pyproj", "{1B8FB2C3-5200-4F1F-B79B-EB8962F798C4}"
EndProject
Project("{888888A0-9F3D-457C-B088-3A5042F75D52}") = "arithmetic", "arithmetic\arithmetic.pyproj", "{B4D633F5-F843-47B3-B4B9-6BAD47DAFF34}"
EndProject
Project("{888888A0-9F3D-457C-B088-3A5042F75D52}") = "typecasting", "typecasting\typecasting.pyproj", "{B61A095F-722D-4EDC-94E5-B4783EC03301}"
EndProject
Project("{888888A0-9F3D-457C-B088-3A5042F75D52}") = "user_input", "user_input\user_input.pyproj", "{C53C139D-2021-4583-9A0E-5AE350D04EAF}"
EndProject
Project("{888888A0-9F3D-457C-B088-3A5042F75D52}") = "control_flow", "control_flow\control_flow.pyproj", "{B245D054-FC94-4818-AF80-BB27EB903830}"
EndProject
Project("{888888A0-9F3D-457C-B088-3A5042F75D52}") = "data_structures", "data_structures\data_structures.pyproj", "{2ED80F73-FE4A-4F5A-80CC-1C215258E5C1}"
EndProject
Project("{888888A0-9F3D-457C-B088-3A5042F75D52}") = "object_oriented_programming", "oop\object_oriented_programming.pyproj", "{E61E0A20-BC81-4D7F-B1E8-1039737E2C4C}"
EndProject
Project("{888888A0-9F3D-457C-B088-3A5042F75D52}") = "data_handling", "data_handling\data_handling.pyproj", "{127FE822-1965-40EA-A54F-C1CD53FE966C}"
EndProject
Project("{2150E333-8FDC-42A3-9474-1A3956D46DE8}") = "Challenge", "Challenge", "{60692A89-A660-44C1-91EF-EE82AB2C1003}"
EndProject
Project("{888888A0-9F3D-457C-B088-3A5042F75D52}") = "challenge", "challenge\challenge.pyproj", "{46A4C33E-DEFD-4C4C-913E-C96FAFF2CCFC}"
EndProject
Global
	GlobalSection(SolutionConfigurationPlatforms) = preSolution
		Debug|Any CPU = Debug|Any CPU
		Release|Any CPU = Release|Any CPU
	EndGlobalSection
	GlobalSection(ProjectConfigurationPlatforms) = postSolution
		{1B8FB2C3-5200-4F1F-B79B-EB8962F798C4}.Debug|Any CPU.ActiveCfg = Debug|Any CPU
		{1B8FB2C3-5200-4F1F-B79B-EB8962F798C4}.Release|Any CPU.ActiveCfg = Release|Any CPU
		{B4D633F5-F843-47B3-B4B9-6BAD47DAFF34}.Debug|Any CPU.ActiveCfg = Debug|Any CPU
		{B4D633F5-F843-47B3-B4B9-6BAD47DAFF34}.Release|Any CPU.ActiveCfg = Release|Any CPU
		{B61A095F-722D-4EDC-94E5-B4783EC03301}.Debug|Any CPU.ActiveCfg = Debug|Any CPU
		{B61A095F-722D-4EDC-94E5-B4783EC03301}.Release|Any CPU.ActiveCfg = Release|Any CPU
		{C53C139D-2021-4583-9A0E-5AE350D04EAF}.Debug|Any CPU.ActiveCfg = Debug|Any CPU
		{C53C139D-2021-4583-9A0E-5AE350D04EAF}.Release|Any CPU.ActiveCfg = Release|Any CPU
		{B245D054-FC94-4818-AF80-BB27EB903830}.Debug|Any CPU.ActiveCfg = Debug|Any CPU
		{B245D054-FC94-4818-AF80-BB27EB903830}.Release|Any CPU.ActiveCfg = Release|Any CPU
		{2ED80F73-FE4A-4F5A-80CC-1C215258E5C1}.Debug|Any CPU.ActiveCfg = Debug|Any CPU
		{2ED80F73-FE4A-4F5A-80CC-1C215258E5C1}.Release|Any CPU.ActiveCfg = Release|Any CPU
		{E61E0A20-BC81-4D7F-B1E8-1039737E2C4C}.Debug|Any CPU.ActiveCfg = Debug|Any CPU
		{E61E0A20-BC81-4D7F-B1E8-1039737E2C4C}.Release|Any CPU.ActiveCfg = Release|Any CPU
		{127FE822-1965-40EA-A54F-C1CD53FE966C}.Debug|Any CPU.ActiveCfg = Debug|Any CPU
		{127FE822-1965-40EA-A54F-C1CD53FE966C}.Release|Any CPU.ActiveCfg = Release|Any CPU
		{46A4C33E-DEFD-4C4C-913E-C96FAFF2CCFC}.Debug|Any CPU.ActiveCfg = Debug|Any CPU
		{46A4C33E-DEFD-4C4C-913E-C96FAFF2CCFC}.Release|Any CPU.ActiveCfg = Release|Any CPU
	EndGlobalSection
	GlobalSection(SolutionProperties) = preSolution
		HideSolutionNode = FALSE
	EndGlobalSection
	GlobalSection(NestedProjects) = preSolution
		{2CE3FB08-4B1E-4741-8004-BC87FDCDE2B5} = {6383C42F-A04C-4248-8926-B7636187D968}
		{9F8A2BE5-E0E4-4696-BF73-F8F6B7BF1BF2} = {2CE3FB08-4B1E-4741-8004-BC87FDCDE2B5}
		{1B8FB2C3-5200-4F1F-B79B-EB8962F798C4} = {9F8A2BE5-E0E4-4696-BF73-F8F6B7BF1BF2}
		{B4D633F5-F843-47B3-B4B9-6BAD47DAFF34} = {9F8A2BE5-E0E4-4696-BF73-F8F6B7BF1BF2}
		{B61A095F-722D-4EDC-94E5-B4783EC03301} = {9F8A2BE5-E0E4-4696-BF73-F8F6B7BF1BF2}
		{C53C139D-2021-4583-9A0E-5AE350D04EAF} = {9F8A2BE5-E0E4-4696-BF73-F8F6B7BF1BF2}
		{B245D054-FC94-4818-AF80-BB27EB903830} = {9F8A2BE5-E0E4-4696-BF73-F8F6B7BF1BF2}
		{2ED80F73-FE4A-4F5A-80CC-1C215258E5C1} = {9F8A2BE5-E0E4-4696-BF73-F8F6B7BF1BF2}
		{E61E0A20-BC81-4D7F-B1E8-1039737E2C4C} = {9F8A2BE5-E0E4-4696-BF73-F8F6B7BF1BF2}
		{127FE822-1965-40EA-A54F-C1CD53FE966C} = {9F8A2BE5-E0E4-4696-BF73-F8F6B7BF1BF2}
		{60692A89-A660-44C1-91EF-EE82AB2C1003} = {9F8A2BE5-E0E4-4696-BF73-F8F6B7BF1BF2}
		{46A4C33E-DEFD-4C4C-913E-C96FAFF2CCFC} = {60692A89-A660-44C1-91EF-EE82AB2C1003}
	EndGlobalSection
	GlobalSection(ExtensibilityGlobals) = postSolution
		SolutionGuid = {87CB2AC4-667E-4710-9DDA-38374AD3DC41}
	EndGlobalSection
EndGlobal
